
Microsoft Visual Studio Solution File, Format Version 12.00
# Visual Studio Version 17
VisualStudioVersion = 17.8.34511.84
MinimumVisualStudioVersion = 10.0.40219.1
Project("{FAE04EC0-301F-11D3-BF4B-00C04F79EFBC}") = "ExposureExercise", "ExposureExercise\ExposureExercise.csproj", "{C59F538D-FC16-4BDA-B5C9-C0F3966505D7}"
EndProject
Project("{FAE04EC0-301F-11D3-BF4B-00C04F79EFBC}") = "ExposureExercise.Tests", "..\ExposureExercise.Tests\ExposureExercise.Tests.csproj", "{DF9410A1-033E-463D-B1C3-0FE937453108}"
EndProject
Global
	GlobalSection(SolutionConfigurationPlatforms) = preSolution
		Debug|Any CPU = Debug|Any CPU
		Release|Any CPU = Release|Any CPU
	EndGlobalSection
	GlobalSection(ProjectConfigurationPlatforms) = postSolution
		{C59F538D-FC16-4BDA-B5C9-C0F3966505D7}.Debug|Any CPU.ActiveCfg = Debug|Any CPU
		{C59F538D-FC16-4BDA-B5C9-C0F3966505D7}.Debug|Any CPU.Build.0 = Debug|Any CPU
		{C59F538D-FC16-4BDA-B5C9-C0F3966505D7}.Release|Any CPU.ActiveCfg = Release|Any CPU
		{C59F538D-FC16-4BDA-B5C9-C0F3966505D7}.Release|Any CPU.Build.0 = Release|Any CPU
		{DF9410A1-033E-463D-B1C3-0FE937453108}.Debug|Any CPU.ActiveCfg = Debug|Any CPU
		{DF9410A1-033E-463D-B1C3-0FE937453108}.Debug|Any CPU.Build.0 = Debug|Any CPU
		{DF9410A1-033E-463D-B1C3-0FE937453108}.Release|Any CPU.ActiveCfg = Release|Any CPU
		{DF9410A1-033E-463D-B1C3-0FE937453108}.Release|Any CPU.Build.0 = Release|Any CPU
	EndGlobalSection
	GlobalSection(SolutionProperties) = preSolution
		HideSolutionNode = FALSE
	EndGlobalSection
	GlobalSection(ExtensibilityGlobals) = postSolution
		SolutionGuid = {5E33B20B-93E8-4E2A-A662-063E0A84153C}
	EndGlobalSection
EndGlobal
